{
    "_meta": {
        "hash": {
            "sha256": "0ea7b9c2f893bade7e4f1e6c36c860fdbe8a31fdab443ddbc0d73c553b3f18f1"
        },
        "pipfile-spec": 6,
        "requires": {
            "python_version": "3.9"
        },
        "sources": [
            {
                "name": "pypi",
                "url": "https://pypi.org/simple",
                "verify_ssl": true
            }
        ]
    },
    "default": {
        "black": {
            "hashes": [
                "sha256:77b80f693a569e2e527958459634f18df9b0ba2625ba4e0c2d5da5be42e6f2b3",
                "sha256:a615e69ae185e08fdd73e4715e260e2479c861b5740057fde6e8b4e3b7dd589f"
            ],
            "index": "pypi",
            "version": "==21.12b0"
        },
        "click": {
            "hashes": [
                "sha256:7682dc8afb30297001674575ea00d1814d808d6a36af415a82bd481d37ba7b8e",
                "sha256:bb4d8133cb15a609f44e8213d9b391b0809795062913b383c62be0ee95b1db48"
            ],
            "markers": "python_version >= '3.7'",
            "version": "==8.1.3"
        },
        "fake-bpy-module-2.93": {
            "hashes": [
                "sha256:070bca4876450d5a2aeb744d130bf0a0ca8c97e4d9d77f77bc79cf8f33026eee",
                "sha256:d63e2e8de985c9745affbda11e3923506b6ad793e86a35b02087476687fb4561"
            ],
            "index": "pypi",
            "version": "==20220615"
        },
        "flake8": {
            "hashes": [
                "sha256:07528381786f2a6237b061f6e96610a4167b226cb926e2aa2b6b1d78057c576b",
                "sha256:bf8fd333346d844f616e8d47905ef3a3384edae6b4e9beb0c5101e25e3110907"
            ],
            "index": "pypi",
            "version": "==3.9.2"
        },
        "mccabe": {
            "hashes": [
                "sha256:ab8a6258860da4b6677da4bd2fe5dc2c659cff31b3ee4f7f5d64e79735b80d42",
                "sha256:dd8d182285a0fe56bace7f45b5e7d1a6ebcbf524e8f3bd87eb0f125271b8831f"
            ],
            "version": "==0.6.1"
        },
        "mypy": {
            "hashes": [
                "sha256:06e1eac8d99bd404ed8dd34ca29673c4346e76dd8e612ea507763dccd7e13c7a",
                "sha256:2ee3dbc53d4df7e6e3b1c68ac6a971d3a4fb2852bf10a05fda228721dd44fae1",
                "sha256:4bc460e43b7785f78862dab78674e62ec3cd523485baecfdf81a555ed29ecfa0",
                "sha256:64e1f6af81c003f85f0dfed52db632817dabb51b65c0318ffbf5ff51995bbb08",
                "sha256:6e35d764784b42c3e256848fb8ed1d4292c9fc0098413adb28d84974c095b279",
                "sha256:6ee196b1d10b8b215e835f438e06965d7a480f6fe016eddbc285f13955cca659",
                "sha256:756fad8b263b3ba39e4e204ee53042671b660c36c9017412b43af210ddee7b08",
                "sha256:77f8fcf7b4b3cc0c74fb33ae54a4cd00bb854d65645c48beccf65fa10b17882c",
                "sha256:794f385653e2b749387a42afb1e14c2135e18daeb027e0d97162e4b7031210f8",
                "sha256:8ad21d4c9d3673726cf986ea1d0c9fb66905258709550ddf7944c8f885f208be",
                "sha256:8e8e49aa9cc23aa4c926dc200ce32959d3501c4905147a66ce032f05cb5ecb92",
                "sha256:9f362470a3480165c4c6151786b5379351b790d56952005be18bdbdd4c7ce0ae",
                "sha256:a16a0145d6d7d00fbede2da3a3096dcc9ecea091adfa8da48fa6a7b75d35562d",
                "sha256:ad77c13037d3402fbeffda07d51e3f228ba078d1c7096a73759c9419ea031bf4",
                "sha256:b6ede64e52257931315826fdbfc6ea878d89a965580d1a65638ef77cb551f56d",
                "sha256:c9e0efb95ed6ca1654951bd5ec2f3fa91b295d78bf6527e026529d4aaa1e0c30",
                "sha256:ce65f70b14a21fdac84c294cde75e6dbdabbcff22975335e20827b3b94bdbf49",
                "sha256:d1debb09043e1f5ee845fa1e96d180e89115b30e47c5d3ce53bc967bab53f62d",
                "sha256:e178eaffc3c5cd211a87965c8c0df6da91ed7d258b5fc72b8e047c3771317ddb",
                "sha256:e1acf62a8c4f7c092462c738aa2c2489e275ed386320c10b2e9bff31f6f7e8d6",
                "sha256:e53773073c864d5f5cec7f3fc72fbbcef65410cde8cc18d4f7242dea60dac52e",
                "sha256:eb3978b191b9fa0488524bb4ffedf2c573340e8c2b4206fc191d44c7093abfb7",
                "sha256:f64d2ce043a209a297df322eb4054dfbaa9de9e8738291706eaafda81ab2b362",
                "sha256:fa38f82f53e1e7beb45557ff167c177802ba7b387ad017eab1663d567017c8ee"
            ],
            "index": "pypi",
            "version": "==0.981"
        },
        "mypy-extensions": {
            "hashes": [
                "sha256:090fedd75945a69ae91ce1303b5824f428daf5a028d2f6ab8a299250a846f15d",
                "sha256:2d82818f5bb3e369420cb3c4060a7970edba416647068eb4c5343488a6c604a8"
            ],
            "version": "==0.4.3"
        },
        "pathspec": {
            "hashes": [
                "sha256:46846318467efc4556ccfd27816e004270a9eeeeb4d062ce5e6fc7a87c573f93",
                "sha256:7ace6161b621d31e7902eb6b5ae148d12cfd23f4a249b9ffb6b9fee12084323d"
            ],
            "markers": "python_version >= '3.7'",
            "version": "==0.10.1"
        },
        "platformdirs": {
            "hashes": [
                "sha256:027d8e83a2d7de06bbac4e5ef7e023c02b863d7ea5d079477e722bb41ab25788",
                "sha256:58c8abb07dcb441e6ee4b11d8df0ac856038f944ab98b7be6b27b2a3c7feef19"
            ],
            "markers": "python_version >= '3.7'",
            "version": "==2.5.2"
        },
        "pycodestyle": {
            "hashes": [
                "sha256:514f76d918fcc0b55c6680472f0a37970994e07bbb80725808c17089be302068",
                "sha256:c389c1d06bf7904078ca03399a4816f974a1d590090fecea0c63ec26ebaf1cef"
            ],
            "markers": "python_version >= '2.7' and python_version not in '3.0, 3.1, 3.2, 3.3'",
            "version": "==2.7.0"
        },
        "pyflakes": {
            "hashes": [
                "sha256:7893783d01b8a89811dd72d7dfd4d84ff098e5eed95cfa8905b22bbffe52efc3",
                "sha256:f5bc8ecabc05bb9d291eb5203d6810b49040f6ff446a756326104746cc00c1db"
            ],
            "markers": "python_version >= '2.7' and python_version not in '3.0, 3.1, 3.2, 3.3'",
            "version": "==2.3.1"
        },
        "tomli": {
            "hashes": [
                "sha256:05b6166bff487dc068d322585c7ea4ef78deed501cc124060e0f238e89a9231f",
                "sha256:e3069e4be3ead9668e21cb9b074cd948f7b3113fd9c8bba083f48247aab8b11c"
            ],
            "markers": "python_version < '3.11'",
            "version": "==1.2.3"
        },
        "typing-extensions": {
            "hashes": [
                "sha256:25642c956049920a5aa49edcdd6ab1e06d7e5d467fc00e0506c44ac86fbfca02",
                "sha256:e6d2677a32f47fc7eb2795db1dd15c1f34eff616bcaf2cfb5e997f854fa1c4a6"
            ],
            "markers": "python_version >= '3.7'",
            "version": "==4.3.0"
        }
    },
    "develop": {}
}
