{
    "_meta": {
        "hash": {
            "sha256": "0ea7b9c2f893bade7e4f1e6c36c860fdbe8a31fdab443ddbc0d73c553b3f18f1"
        },
        "pipfile-spec": 6,
        "requires": {
            "python_version": "3.9"
        },
        "sources": [
            {
                "name": "pypi",
                "url": "https://pypi.org/simple",
                "verify_ssl": true
            }
        ]
    },
    "default": {
        "black": {
            "hashes": [
                "sha256:0a12e4e1353819af41df998b02c6742643cfef58282915f781d0e4dd7a200411",
                "sha256:0ad827325a3a634bae88ae7747db1a395d5ee02cf05d9aa7a9bd77dfb10e940c",
                "sha256:32a4b17f644fc288c6ee2bafdf5e3b045f4eff84693ac069d87b1a347d861497",
                "sha256:3b2c25f8dea5e8444bdc6788a2f543e1fb01494e144480bc17f806178378005e",
                "sha256:4a098a69a02596e1f2a58a2a1c8d5a05d5a74461af552b371e82f9fa4ada8342",
                "sha256:5107ea36b2b61917956d018bd25129baf9ad1125e39324a9b18248d362156a27",
                "sha256:53198e28a1fb865e9fe97f88220da2e44df6da82b18833b588b1883b16bb5d41",
                "sha256:5594efbdc35426e35a7defa1ea1a1cb97c7dbd34c0e49af7fb593a36bd45edab",
                "sha256:5b879eb439094751185d1cfdca43023bc6786bd3c60372462b6f051efa6281a5",
                "sha256:78dd85caaab7c3153054756b9fe8c611efa63d9e7aecfa33e533060cb14b6d16",
                "sha256:792f7eb540ba9a17e8656538701d3eb1afcb134e3b45b71f20b25c77a8db7e6e",
                "sha256:8ce13ffed7e66dda0da3e0b2eb1bdfc83f5812f66e09aca2b0978593ed636b6c",
                "sha256:a05da0430bd5ced89176db098567973be52ce175a55677436a271102d7eaa3fe",
                "sha256:a983526af1bea1e4cf6768e649990f28ee4f4137266921c2c3cee8116ae42ec3",
                "sha256:bc4d4123830a2d190e9cc42a2e43570f82ace35c3aeb26a512a2102bce5af7ec",
                "sha256:c3a73f66b6d5ba7288cd5d6dad9b4c9b43f4e8a4b789a94bf5abfb878c663eb3",
                "sha256:ce957f1d6b78a8a231b18e0dd2d94a33d2ba738cd88a7fe64f53f659eea49fdd",
                "sha256:cea1b2542d4e2c02c332e83150e41e3ca80dc0fb8de20df3c5e98e242156222c",
                "sha256:d2c21d439b2baf7aa80d6dd4e3659259be64c6f49dfd0f32091063db0e006db4",
                "sha256:d839150f61d09e7217f52917259831fe2b689f5c8e5e32611736351b89bb2a90",
                "sha256:dd82842bb272297503cbec1a2600b6bfb338dae017186f8f215c8958f8acf869",
                "sha256:e8166b7bfe5dcb56d325385bd1d1e0f635f24aae14b3ae437102dedc0c186747",
                "sha256:e981e20ec152dfb3e77418fb616077937378b322d7b26aa1ff87717fb18b4875"
            ],
            "index": "pypi",
            "version": "==22.8.0"
        },
        "click": {
            "hashes": [
                "sha256:7682dc8afb30297001674575ea00d1814d808d6a36af415a82bd481d37ba7b8e",
                "sha256:bb4d8133cb15a609f44e8213d9b391b0809795062913b383c62be0ee95b1db48"
            ],
            "markers": "python_version >= '3.7'",
            "version": "==8.1.3"
        },
        "fake-bpy-module-2.93": {
            "hashes": [
                "sha256:070bca4876450d5a2aeb744d130bf0a0ca8c97e4d9d77f77bc79cf8f33026eee",
                "sha256:d63e2e8de985c9745affbda11e3923506b6ad793e86a35b02087476687fb4561"
            ],
            "index": "pypi",
            "version": "==20220615"
        },
        "flake8": {
            "hashes": [
                "sha256:07528381786f2a6237b061f6e96610a4167b226cb926e2aa2b6b1d78057c576b",
                "sha256:bf8fd333346d844f616e8d47905ef3a3384edae6b4e9beb0c5101e25e3110907"
            ],
            "index": "pypi",
            "version": "==3.9.2"
        },
        "mccabe": {
            "hashes": [
                "sha256:ab8a6258860da4b6677da4bd2fe5dc2c659cff31b3ee4f7f5d64e79735b80d42",
                "sha256:dd8d182285a0fe56bace7f45b5e7d1a6ebcbf524e8f3bd87eb0f125271b8831f"
            ],
            "version": "==0.6.1"
        },
        "mypy": {
            "hashes": [
                "sha256:13b3c110309b53f5a62aa1b360f598124be33a42563b790a2a9efaacac99f1fc",
                "sha256:140174e872d20d4768124a089b9f9fc83abd6a349b7f8cc6276bc344eb598922",
                "sha256:31895b0b3060baf15bf76e789d94722c026f673b34b774bba9e8772295edccff",
                "sha256:331a81d2c9bf1be25317260a073b41f4584cd11701a7c14facef0aa5a005e843",
                "sha256:40cb062f1b7ff4cd6e897a89d8ddc48c6ad7f326b5277c93a8c559564cc1551c",
                "sha256:41f3575b20714171c832d8f6c7aaaa0d499c9a2d1b8adaaf837b4c9065c38540",
                "sha256:431be889ffc8d9681813a45575c42e341c19467cbfa6dd09bf41467631feb530",
                "sha256:562a0e335222d5bbf5162b554c3afe3745b495d67c7fe6f8b0d1b5bace0c1eeb",
                "sha256:618e677aabd21f30670bffb39a885a967337f5b112c6fb7c79375e6dced605d6",
                "sha256:69b5a835b12fdbfeed84ef31152d41343d32ccb2b345256d8682324409164330",
                "sha256:71c77bd885d2ce44900731d4652d0d1c174dc66a0f11200e0c680bdedf1a6b37",
                "sha256:82e6c15675264e923b60a11d6eb8f90665504352e68edfbb4a79aac7a04caddd",
                "sha256:98b4f91a75fed2e4c6339e9047aba95968d3a7c4b91e92ab9dc62c0c583564f4",
                "sha256:993c2e52ea9570e6e872296c046c946377b9f5e89eeb7afea2a1524cf6e50b27",
                "sha256:9cd316e9705555ca6a50670ba5fb0084d756d1d8cb1697c83820b1456b0bc5f3",
                "sha256:a55438627f5f546192f13255a994d6d1cf2659df48adcf966132b4379fd9c86b",
                "sha256:df0fec878ccfcb2d1d2306ba31aa757848f681e7bbed443318d9bbd4b0d0fe9a",
                "sha256:e091fe58b4475b3504dc7c3022ff7f4af2f9e9ddf7182047111759ed0973bbde",
                "sha256:f8b2059f73878e92eff7ed11a03515d6572f4338a882dd7547b5f7dd242118e6",
                "sha256:ffb1e57ec49a30e3c0ebcfdc910ae4aceb7afb649310b7355509df6b15bd75f6"
            ],
            "index": "pypi",
            "version": "==0.920"
        },
        "mypy-extensions": {
            "hashes": [
                "sha256:090fedd75945a69ae91ce1303b5824f428daf5a028d2f6ab8a299250a846f15d",
                "sha256:2d82818f5bb3e369420cb3c4060a7970edba416647068eb4c5343488a6c604a8"
            ],
            "version": "==0.4.3"
        },
        "pathspec": {
            "hashes": [
                "sha256:01eecd304ba0e6eeed188ae5fa568e99ef10265af7fd9ab737d6412b4ee0ab85",
                "sha256:aefa80ac32d5bf1f96139dca67cefb69a431beff4e6bf1168468f37d7ab87015"
            ],
            "markers": "python_version >= '3.7'",
            "version": "==0.10.0"
        },
        "platformdirs": {
            "hashes": [
                "sha256:027d8e83a2d7de06bbac4e5ef7e023c02b863d7ea5d079477e722bb41ab25788",
                "sha256:58c8abb07dcb441e6ee4b11d8df0ac856038f944ab98b7be6b27b2a3c7feef19"
            ],
            "markers": "python_version >= '3.7'",
            "version": "==2.5.2"
        },
        "pycodestyle": {
            "hashes": [
                "sha256:514f76d918fcc0b55c6680472f0a37970994e07bbb80725808c17089be302068",
                "sha256:c389c1d06bf7904078ca03399a4816f974a1d590090fecea0c63ec26ebaf1cef"
            ],
            "markers": "python_version >= '2.7' and python_version not in '3.0, 3.1, 3.2, 3.3'",
            "version": "==2.7.0"
        },
        "pyflakes": {
            "hashes": [
                "sha256:7893783d01b8a89811dd72d7dfd4d84ff098e5eed95cfa8905b22bbffe52efc3",
                "sha256:f5bc8ecabc05bb9d291eb5203d6810b49040f6ff446a756326104746cc00c1db"
            ],
            "markers": "python_version >= '2.7' and python_version not in '3.0, 3.1, 3.2, 3.3'",
            "version": "==2.3.1"
        },
        "tomli": {
            "hashes": [
                "sha256:939de3e7a6161af0c887ef91b7d41a53e7c5a1ca976325f429cb46ea9bc30ecc",
                "sha256:de526c12914f0c550d15924c62d72abc48d6fe7364aa87328337a31007fe8a4f"
            ],
            "markers": "python_full_version < '3.11.0a7'",
            "version": "==2.0.1"
        },
        "typing-extensions": {
            "hashes": [
                "sha256:25642c956049920a5aa49edcdd6ab1e06d7e5d467fc00e0506c44ac86fbfca02",
                "sha256:e6d2677a32f47fc7eb2795db1dd15c1f34eff616bcaf2cfb5e997f854fa1c4a6"
            ],
            "markers": "python_version < '3.10'",
            "version": "==4.3.0"
        }
    },
    "develop": {}
}
